
Microsoft Visual Studio Solution File, Format Version 12.00
# Visual Studio Version 17
VisualStudioVersion = 17.8.34525.116
MinimumVisualStudioVersion = 10.0.40219.1
Project("{FAE04EC0-301F-11D3-BF4B-00C04F79EFBC}") = "CortexEditorWPF", "CortexEditorWPF\CortexEditorWPF.csproj", "{11322183-D017-48DB-A10F-510FE05957F9}"
EndProject
Global
	GlobalSection(SolutionConfigurationPlatforms) = preSolution
		Debug|Any CPU = Debug|Any CPU
		Release|Any CPU = Release|Any CPU
	EndGlobalSection
	GlobalSection(ProjectConfigurationPlatforms) = postSolution
		{11322183-D017-48DB-A10F-510FE05957F9}.Debug|Any CPU.ActiveCfg = Debug|Any CPU
		{11322183-D017-48DB-A10F-510FE05957F9}.Debug|Any CPU.Build.0 = Debug|Any CPU
		{11322183-D017-48DB-A10F-510FE05957F9}.Release|Any CPU.ActiveCfg = Release|Any CPU
		{11322183-D017-48DB-A10F-510FE05957F9}.Release|Any CPU.Build.0 = Release|Any CPU
	EndGlobalSection
	GlobalSection(SolutionProperties) = preSolution
		HideSolutionNode = FALSE
	EndGlobalSection
	GlobalSection(ExtensibilityGlobals) = postSolution
		SolutionGuid = {81CB4154-949B-4936-8397-D78EA16E0204}
	EndGlobalSection
EndGlobal
